PODS:
  - ACPDownload (1.1.0)
  - Alamofire (3.3.0)
  - AlamofireImage (2.4.0):
    - Alamofire (~> 3.3)
  - Bolts (1.6.0):
    - Bolts/AppLinks (= 1.6.0)
    - Bolts/Tasks (= 1.6.0)
  - Bolts/AppLinks (1.6.0):
    - Bolts/Tasks
  - Bolts/Tasks (1.6.0)
  - ChameleonFramework (2.1.0):
    - ChameleonFramework/Default (= 2.1.0)
  - ChameleonFramework/Default (2.1.0)
  - Eureka (1.5.0)
  - FBSDKCoreKit (4.10.1):
    - Bolts (~> 1.5)
  - FBSDKLoginKit (4.10.1):
    - FBSDKCoreKit
  - Hue (1.1)
  - Kingfisher (2.2.0)
  - Realm (0.98.6):
    - Realm/Headers (= 0.98.6)
  - Realm/Headers (0.98.6)
  - RealmSwift (0.98.6):
    - Realm (= 0.98.6)
  - RxCocoa (2.3.1):
    - RxSwift (~> 2.3.1)
  - RxSwift (2.3.1)
  - SCLAlertView (0.5.1)
  - SlackTextViewController (1.9.1)
  - SwiftDate (3.0.8)
  - SwiftyBeaver (0.4.2)
  - SwiftyJSON (2.3.2)
  - SWRevealViewController (2.3.0)
  - XNGMarkdownParser (0.3.2)

DEPENDENCIES:
  - ACPDownload (~> 1.1.0)
  - Alamofire (~> 3.3.0)
  - AlamofireImage (~> 2.4.0)
  - ChameleonFramework (~> 2.1.0)
  - Eureka (~> 1.5.0)
  - FBSDKCoreKit (~> 4.10.1)
  - FBSDKLoginKit (~> 4.10.1)
  - Hue (~> 1.1)
  - Kingfisher (~> 2.2.0)
  - RealmSwift (~> 0.98.6)
  - RxCocoa (~> 2.3.1)
  - RxSwift (~> 2.3.1)
  - SCLAlertView (~> 0.5.1)
  - SlackTextViewController (~> 1.9.1)
  - SwiftDate (~> 3.0.8)
  - SwiftyBeaver (~> 0.4.2)
  - SwiftyJSON (~> 2.3.2)
  - SWRevealViewController (~> 2.3.0)
  - XNGMarkdownParser (~> 0.3.2)

SPEC CHECKSUMS:
  ACPDownload: 9c6349be96019b6c8c87ad46570af1cbc7106bf4
  Alamofire: 9054db4a1b1ca9e363223183e01cea380159a27c
  AlamofireImage: 87408b652e0f5ae5fe364035f15aea8b9b24c77e
  Bolts: f52a250053bb517ca874523c3913776359ab3def
  ChameleonFramework: d21a3cc247abfe5e37609a283a8238b03575cf64
  Eureka: 2fb37bb50569c62ee3284689d5b7aca694b040e0
  FBSDKCoreKit: d2aaed5e9ab7d8d6301c533376a1fbff1cf3deb5
  FBSDKLoginKit: 699ff169080e3072de4b9b0faca90bf23dc36deb
  Hue: ed6781be844b58b2a38150cfd4bf24c33449faf8
  Kingfisher: 350869ed88d6451803b390475d977abdd9f0a357
  Realm: 44803f35418c5d89b27825a564247fcd190de37e
  RealmSwift: c7239c52c83f8c43525a5269ba7be1694da33afc
  RxCocoa: a2baaf3462b989559a51dce59d78fbebb8fe0afa
  RxSwift: 829b2843e9eddc77a02cb3f5117f0d55f8f646f1
  SCLAlertView: 3ac39a863d3e10fc165662b1228b03402297aea9
  SlackTextViewController: 6b0d1030c53937226fc5358f217af2a34fc211cf
  SwiftDate: 971f8b9394f664f2226b9c3ab64e801a7291c612
  SwiftyBeaver: 3eced9aabe4f10b975453cc1baaa2d523a5eaeae
  SwiftyJSON: 04ccea08915aa0109039157c7974cf0298da292a
  SWRevealViewController: 6d3fd97f70112fd7cef9de14df4260eacce4c63a
  XNGMarkdownParser: aed98c14f0c0eb20064184ddf9bac26c482722b2

COCOAPODS: 0.39.0
