PODS:
  - Alamofire (3.1.3)
  - AlamofireImage (2.1.1):
    - Alamofire (~> 3.1)
  - Bolts (1.4.0):
    - Bolts/AppLinks (= 1.4.0)
    - Bolts/Tasks (= 1.4.0)
  - Bolts/AppLinks (1.4.0):
    - Bolts/Tasks
  - Bolts/Tasks (1.4.0)
  - FBSDKCoreKit (4.7.0):
    - Bolts (~> 1.1)
    - FBSDKCoreKit/arc (= 4.7.0)
    - FBSDKCoreKit/no-arc (= 4.7.0)
  - FBSDKCoreKit/arc (4.7.0):
    - Bolts (~> 1.1)
  - FBSDKCoreKit/no-arc (4.7.0):
    - Bolts (~> 1.1)
    - FBSDKCoreKit/arc
  - FBSDKLoginKit (4.7.0.1):
    - FBSDKCoreKit
  - Realm (0.96.3):
    - Realm/Headers (= 0.96.3)
  - Realm/Headers (0.96.3)
  - RealmSwift (0.96.3):
    - Realm (= 0.96.3)
  - SlackTextViewController (1.8)
  - SwiftyBeaver (0.3.0)
  - SwiftyJSON (2.3.2)
  - XNGMarkdownParser (0.3.2)

DEPENDENCIES:
  - Alamofire (~> 3.1.3)
  - AlamofireImage (~> 2.1.1)
  - FBSDKCoreKit (~> 4.7.0)
  - FBSDKLoginKit (~> 4.7.0.1)
  - RealmSwift (~> 0.96.3)
  - SlackTextViewController (from `https://github.com/slackhq/SlackTextViewController.git`,
    tag `v1.8`)
  - SwiftyBeaver (~> 0.3.0)
  - SwiftyJSON (~> 2.3.2)
  - XNGMarkdownParser (~> 0.3.2)

EXTERNAL SOURCES:
  SlackTextViewController:
    :git: https://github.com/slackhq/SlackTextViewController.git
    :tag: v1.8

CHECKOUT OPTIONS:
  SlackTextViewController:
    :git: https://github.com/slackhq/SlackTextViewController.git
    :tag: v1.8

SPEC CHECKSUMS:
  Alamofire: 9f93b56389e48def9220dd57d1f44b1927229a5a
  AlamofireImage: 31f7c4e9f516183e0ef2d2da18318de28a4628b8
  Bolts: 0e9bce58b9b9f5e8a7a4d47b16d2fabec289072b
  FBSDKCoreKit: eb580bfc2040ad44f4c0b4f4d0befb1d35bce59c
  FBSDKLoginKit: 028c5a205990441123764609fe795e65027c447f
  Realm: 145d3cdf78a03aee71bde5381ad7e542bd541720
  RealmSwift: aab84968aad662f61f36473d1aea019f63481505
  SlackTextViewController: 0300adee2931fdbe72488990336f0937dbed048e
  SwiftyBeaver: df7961d4ecb75521ed6a9af40dd3076af1635fdd
  SwiftyJSON: 04ccea08915aa0109039157c7974cf0298da292a
  XNGMarkdownParser: aed98c14f0c0eb20064184ddf9bac26c482722b2

COCOAPODS: 0.39.0
