// !$*UTF8*$!
{
	archiveVersion = 1;
	classes = {
	};
	objectVersion = 46;
	objects = {

/* Begin PBXBuildFile section */
		45A8515D1BD5911300FC989D /* AppDelegate.swift in Sources */ = {isa = PBXBuildFile; fileRef = 45A8515C1BD5911300FC989D /* AppDelegate.swift */; };
		45A8515F1BD5911300FC989D /* ViewController.swift in Sources */ = {isa = PBXBuildFile; fileRef = 45A8515E1BD5911300FC989D /* ViewController.swift */; };
		45A851621BD5911300FC989D /* Main.storyboard in Resources */ = {isa = PBXBuildFile; fileRef = 45A851601BD5911300FC989D /* Main.storyboard */; };
		45A851651BD5911300FC989D /* Fabler.xcdatamodeld in Sources */ = {isa = PBXBuildFile; fileRef = 45A851631BD5911300FC989D /* Fabler.xcdatamodeld */; };
		45A851671BD5911300FC989D /* Assets.xcassets in Resources */ = {isa = PBXBuildFile; fileRef = 45A851661BD5911300FC989D /* Assets.xcassets */; };
		45A8516A1BD5911300FC989D /* LaunchScreen.storyboard in Resources */ = {isa = PBXBuildFile; fileRef = 45A851681BD5911300FC989D /* LaunchScreen.storyboard */; };
		45A851751BD5911300FC989D /* FablerTests.swift in Sources */ = {isa = PBXBuildFile; fileRef = 45A851741BD5911300FC989D /* FablerTests.swift */; };
/* End PBXBuildFile section */

/* Begin PBXContainerItemProxy section */
		45A851711BD5911300FC989D /* PBXContainerItemProxy */ = {
			isa = PBXContainerItemProxy;
			containerPortal = 45A851511BD5911300FC989D /* Project object */;
			proxyType = 1;
			remoteGlobalIDString = 45A851581BD5911300FC989D;
			remoteInfo = Fabler;
		};
/* End PBXContainerItemProxy section */

/* Begin PBXFileReference section */
		45A851591BD5911300FC989D /* Fabler.app */ = {isa = PBXFileReference; explicitFileType = wrapper.application; includeInIndex = 0; path = Fabler.app; sourceTree = BUILT_PRODUCTS_DIR; };
		45A8515C1BD5911300FC989D /* AppDelegate.swift */ = {isa = PBXFileReference; lastKnownFileType = sourcecode.swift; path = AppDelegate.swift; sourceTree = "<group>"; };
		45A8515E1BD5911300FC989D /* ViewController.swift */ = {isa = PBXFileReference; lastKnownFileType = sourcecode.swift; path = ViewController.swift; sourceTree = "<group>"; };
		45A851611BD5911300FC989D /* Base */ = {isa = PBXFileReference; lastKnownFileType = file.storyboard; name = Base; path = Base.lproj/Main.storyboard; sourceTree = "<group>"; };
		45A851641BD5911300FC989D /* Fabler.xcdatamodel */ = {isa = PBXFileReference; lastKnownFileType = wrapper.xcdatamodel; path = Fabler.xcdatamodel; sourceTree = "<group>"; };
		45A851661BD5911300FC989D /* Assets.xcassets */ = {isa = PBXFileReference; lastKnownFileType = folder.assetcatalog; path = Assets.xcassets; sourceTree = "<group>"; };
		45A851691BD5911300FC989D /* Base */ = {isa = PBXFileReference; lastKnownFileType = file.storyboard; name = Base; path = Base.lproj/LaunchScreen.storyboard; sourceTree = "<group>"; };
		45A8516B1BD5911300FC989D /* Info.plist */ = {isa = PBXFileReference; lastKnownFileType = text.plist.xml; path = Info.plist; sourceTree = "<group>"; };
		45A851701BD5911300FC989D /* FablerTests.xctest */ = {isa = PBXFileReference; explicitFileType = wrapper.cfbundle; includeInIndex = 0; path = FablerTests.xctest; sourceTree = BUILT_PRODUCTS_DIR; };
		45A851741BD5911300FC989D /* FablerTests.swift */ = {isa = PBXFileReference; lastKnownFileType = sourcecode.swift; path = FablerTests.swift; sourceTree = "<group>"; };
		45A851761BD5911300FC989D /* Info.plist */ = {isa = PBXFileReference; lastKnownFileType = text.plist.xml; path = Info.plist; sourceTree = "<group>"; };
/* End PBXFileReference section */

/* Begin PBXFrameworksBuildPhase section */
		45A851561BD5911300FC989D /* Frameworks */ = {
			isa = PBXFrameworksBuildPhase;
			buildActionMask = 2147483647;
			files = (
			);
			runOnlyForDeploymentPostprocessing = 0;
		};
		45A8516D1BD5911300FC989D /* Frameworks */ = {
			isa = PBXFrameworksBuildPhase;
			buildActionMask = 2147483647;
			files = (
			);
			runOnlyForDeploymentPostprocessing = 0;
		};
/* End PBXFrameworksBuildPhase section */

/* Begin PBXGroup section */
		45A851501BD5911300FC989D = {
			isa = PBXGroup;
			children = (
				45A8515B1BD5911300FC989D /* Fabler */,
				45A851731BD5911300FC989D /* FablerTests */,
				45A8515A1BD5911300FC989D /* Products */,
			);
			sourceTree = "<group>";
		};
		45A8515A1BD5911300FC989D /* Products */ = {
			isa = PBXGroup;
			children = (
				45A851591BD5911300FC989D /* Fabler.app */,
				45A851701BD5911300FC989D /* FablerTests.xctest */,
			);
			name = Products;
			sourceTree = "<group>";
		};
		45A8515B1BD5911300FC989D /* Fabler */ = {
			isa = PBXGroup;
			children = (
				45A8515C1BD5911300FC989D /* AppDelegate.swift */,
				45A8515E1BD5911300FC989D /* ViewController.swift */,
				45A851601BD5911300FC989D /* Main.storyboard */,
				45A851661BD5911300FC989D /* Assets.xcassets */,
				45A851681BD5911300FC989D /* LaunchScreen.storyboard */,
				45A8516B1BD5911300FC989D /* Info.plist */,
				45A851631BD5911300FC989D /* Fabler.xcdatamodeld */,
			);
			path = Fabler;
			sourceTree = "<group>";
		};
		45A851731BD5911300FC989D /* FablerTests */ = {
			isa = PBXGroup;
			children = (
				45A851741BD5911300FC989D /* FablerTests.swift */,
				45A851761BD5911300FC989D /* Info.plist */,
			);
			path = FablerTests;
			sourceTree = "<group>";
		};
/* End PBXGroup section */

/* Begin PBXNativeTarget section */
		45A851581BD5911300FC989D /* Fabler */ = {
			isa = PBXNativeTarget;
			buildConfigurationList = 45A851791BD5911300FC989D /* Build configuration list for PBXNativeTarget "Fabler" */;
			buildPhases = (
				45A851551BD5911300FC989D /* Sources */,
				45A851561BD5911300FC989D /* Frameworks */,
				45A851571BD5911300FC989D /* Resources */,
			);
			buildRules = (
			);
			dependencies = (
			);
			name = Fabler;
			productName = Fabler;
			productReference = 45A851591BD5911300FC989D /* Fabler.app */;
			productType = "com.apple.product-type.application";
		};
		45A8516F1BD5911300FC989D /* FablerTests */ = {
			isa = PBXNativeTarget;
			buildConfigurationList = 45A8517C1BD5911300FC989D /* Build configuration list for PBXNativeTarget "FablerTests" */;
			buildPhases = (
				45A8516C1BD5911300FC989D /* Sources */,
				45A8516D1BD5911300FC989D /* Frameworks */,
				45A8516E1BD5911300FC989D /* Resources */,
			);
			buildRules = (
			);
			dependencies = (
				45A851721BD5911300FC989D /* PBXTargetDependency */,
			);
			name = FablerTests;
			productName = FablerTests;
			productReference = 45A851701BD5911300FC989D /* FablerTests.xctest */;
			productType = "com.apple.product-type.bundle.unit-test";
		};
/* End PBXNativeTarget section */

/* Begin PBXProject section */
		45A851511BD5911300FC989D /* Project object */ = {
			isa = PBXProject;
			attributes = {
				LastUpgradeCheck = 0700;
				ORGANIZATIONNAME = Fabler;
				TargetAttributes = {
					45A851581BD5911300FC989D = {
						CreatedOnToolsVersion = 7.0.1;
					};
					45A8516F1BD5911300FC989D = {
						CreatedOnToolsVersion = 7.0.1;
						TestTargetID = 45A851581BD5911300FC989D;
					};
				};
			};
			buildConfigurationList = 45A851541BD5911300FC989D /* Build configuration list for PBXProject "Fabler" */;
			compatibilityVersion = "Xcode 3.2";
			developmentRegion = English;
			hasScannedForEncodings = 0;
			knownRegions = (
				en,
				Base,
			);
			mainGroup = 45A851501BD5911300FC989D;
			productRefGroup = 45A8515A1BD5911300FC989D /* Products */;
			projectDirPath = "";
			projectRoot = "";
			targets = (
				45A851581BD5911300FC989D /* Fabler */,
				45A8516F1BD5911300FC989D /* FablerTests */,
			);
		};
/* End PBXProject section */

/* Begin PBXResourcesBuildPhase section */
		45A851571BD5911300FC989D /* Resources */ = {
			isa = PBXResourcesBuildPhase;
			buildActionMask = 2147483647;
			files = (
				45A8516A1BD5911300FC989D /* LaunchScreen.storyboard in Resources */,
				45A851671BD5911300FC989D /* Assets.xcassets in Resources */,
				45A851621BD5911300FC989D /* Main.storyboard in Resources */,
			);
			runOnlyForDeploymentPostprocessing = 0;
		};
		45A8516E1BD5911300FC989D /* Resources */ = {
			isa = PBXResourcesBuildPhase;
			buildActionMask = 2147483647;
			files = (
			);
			runOnlyForDeploymentPostprocessing = 0;
		};
/* End PBXResourcesBuildPhase section */

/* Begin PBXSourcesBuildPhase section */
		45A851551BD5911300FC989D /* Sources */ = {
			isa = PBXSourcesBuildPhase;
			buildActionMask = 2147483647;
			files = (
				45A8515F1BD5911300FC989D /* ViewController.swift in Sources */,
				45A8515D1BD5911300FC989D /* AppDelegate.swift in Sources */,
				45A851651BD5911300FC989D /* Fabler.xcdatamodeld in Sources */,
			);
			runOnlyForDeploymentPostprocessing = 0;
		};
		45A8516C1BD5911300FC989D /* Sources */ = {
			isa = PBXSourcesBuildPhase;
			buildActionMask = 2147483647;
			files = (
				45A851751BD5911300FC989D /* FablerTests.swift in Sources */,
			);
			runOnlyForDeploymentPostprocessing = 0;
		};
/* End PBXSourcesBuildPhase section */

/* Begin PBXTargetDependency section */
		45A851721BD5911300FC989D /* PBXTargetDependency */ = {
			isa = PBXTargetDependency;
			target = 45A851581BD5911300FC989D /* Fabler */;
			targetProxy = 45A851711BD5911300FC989D /* PBXContainerItemProxy */;
		};
/* End PBXTargetDependency section */

/* Begin PBXVariantGroup section */
		45A851601BD5911300FC989D /* Main.storyboard */ = {
			isa = PBXVariantGroup;
			children = (
				45A851611BD5911300FC989D /* Base */,
			);
			name = Main.storyboard;
			sourceTree = "<group>";
		};
		45A851681BD5911300FC989D /* LaunchScreen.storyboard */ = {
			isa = PBXVariantGroup;
			children = (
				45A851691BD5911300FC989D /* Base */,
			);
			name = LaunchScreen.storyboard;
			sourceTree = "<group>";
		};
/* End PBXVariantGroup section */

/* Begin XCBuildConfiguration section */
		45A851771BD5911300FC989D /* Debug */ = {
			isa = XCBuildConfiguration;
			buildSettings = {
				ALWAYS_SEARCH_USER_PATHS = NO;
				CLANG_CXX_LANGUAGE_STANDARD = "gnu++0x";
				CLANG_CXX_LIBRARY = "libc++";
				CLANG_ENABLE_MODULES = YES;
				CLANG_ENABLE_OBJC_ARC = YES;
				CLANG_WARN_BOOL_CONVERSION = YES;
				CLANG_WARN_CONSTANT_CONVERSION = YES;
				CLANG_WARN_DIRECT_OBJC_ISA_USAGE = YES_ERROR;
				CLANG_WARN_EMPTY_BODY = YES;
				CLANG_WARN_ENUM_CONVERSION = YES;
				CLANG_WARN_INT_CONVERSION = YES;
				CLANG_WARN_OBJC_ROOT_CLASS = YES_ERROR;
				CLANG_WARN_UNREACHABLE_CODE = YES;
				CLANG_WARN__DUPLICATE_METHOD_MATCH = YES;
				"CODE_SIGN_IDENTITY[sdk=iphoneos*]" = "iPhone Developer";
				COPY_PHASE_STRIP = NO;
				DEBUG_INFORMATION_FORMAT = dwarf;
				ENABLE_STRICT_OBJC_MSGSEND = YES;
				ENABLE_TESTABILITY = YES;
				GCC_C_LANGUAGE_STANDARD = gnu99;
				GCC_DYNAMIC_NO_PIC = NO;
				GCC_NO_COMMON_BLOCKS = YES;
				GCC_OPTIMIZATION_LEVEL = 0;
				GCC_PREPROCESSOR_DEFINITIONS = (
					"DEBUG=1",
					"$(inherited)",
				);
				GCC_WARN_64_TO_32_BIT_CONVERSION = YES;
				GCC_WARN_ABOUT_RETURN_TYPE = YES_ERROR;
				GCC_WARN_UNDECLARED_SELECTOR = YES;
				GCC_WARN_UNINITIALIZED_AUTOS = YES_AGGRESSIVE;
				GCC_WARN_UNUSED_FUNCTION = YES;
				GCC_WARN_UNUSED_VARIABLE = YES;
				IPHONEOS_DEPLOYMENT_TARGET = 9.0;
				MTL_ENABLE_DEBUG_INFO = YES;
				ONLY_ACTIVE_ARCH = YES;
				SDKROOT = iphoneos;
				SWIFT_OPTIMIZATION_LEVEL = "-Onone";
				TARGETED_DEVICE_FAMILY = "1,2";
			};
			name = Debug;
		};
		45A851781BD5911300FC989D /* Release */ = {
			isa = XCBuildConfiguration;
			buildSettings = {
				ALWAYS_SEARCH_USER_PATHS = NO;
				CLANG_CXX_LANGUAGE_STANDARD = "gnu++0x";
				CLANG_CXX_LIBRARY = "libc++";
				CLANG_ENABLE_MODULES = YES;
				CLANG_ENABLE_OBJC_ARC = YES;
				CLANG_WARN_BOOL_CONVERSION = YES;
				CLANG_WARN_CONSTANT_CONVERSION = YES;
				CLANG_WARN_DIRECT_OBJC_ISA_USAGE = YES_ERROR;
				CLANG_WARN_EMPTY_BODY = YES;
				CLANG_WARN_ENUM_CONVERSION = YES;
				CLANG_WARN_INT_CONVERSION = YES;
				CLANG_WARN_OBJC_ROOT_CLASS = YES_ERROR;
				CLANG_WARN_UNREACHABLE_CODE = YES;
				CLANG_WARN__DUPLICATE_METHOD_MATCH = YES;
				"CODE_SIGN_IDENTITY[sdk=iphoneos*]" = "iPhone Developer";
				COPY_PHASE_STRIP = NO;
				DEBUG_INFORMATION_FORMAT = "dwarf-with-dsym";
				ENABLE_NS_ASSERTIONS = NO;
				ENABLE_STRICT_OBJC_MSGSEND = YES;
				GCC_C_LANGUAGE_STANDARD = gnu99;
				GCC_NO_COMMON_BLOCKS = YES;
				GCC_WARN_64_TO_32_BIT_CONVERSION = YES;
				GCC_WARN_ABOUT_RETURN_TYPE = YES_ERROR;
				GCC_WARN_UNDECLARED_SELECTOR = YES;
				GCC_WARN_UNINITIALIZED_AUTOS = YES_AGGRESSIVE;
				GCC_WARN_UNUSED_FUNCTION = YES;
				GCC_WARN_UNUSED_VARIABLE = YES;
				IPHONEOS_DEPLOYMENT_TARGET = 9.0;
				MTL_ENABLE_DEBUG_INFO = NO;
				SDKROOT = iphoneos;
				TARGETED_DEVICE_FAMILY = "1,2";
				VALIDATE_PRODUCT = YES;
			};
			name = Release;
		};
		45A8517A1BD5911300FC989D /* Debug */ = {
			isa = XCBuildConfiguration;
			buildSettings = {
				ASSETCATALOG_COMPILER_APPICON_NAME = AppIcon;
				INFOPLIST_FILE = Fabler/Info.plist;
				LD_RUNPATH_SEARCH_PATHS = "$(inherited) @executable_path/Frameworks";
				PRODUCT_BUNDLE_IDENTIFIER = Fabler.Fabler;
				PRODUCT_NAME = "$(TARGET_NAME)";
			};
			name = Debug;
		};
		45A8517B1BD5911300FC989D /* Release */ = {
			isa = XCBuildConfiguration;
			buildSettings = {
				ASSETCATALOG_COMPILER_APPICON_NAME = AppIcon;
				INFOPLIST_FILE = Fabler/Info.plist;
				LD_RUNPATH_SEARCH_PATHS = "$(inherited) @executable_path/Frameworks";
				PRODUCT_BUNDLE_IDENTIFIER = Fabler.Fabler;
				PRODUCT_NAME = "$(TARGET_NAME)";
			};
			name = Release;
		};
		45A8517D1BD5911300FC989D /* Debug */ = {
			isa = XCBuildConfiguration;
			buildSettings = {
				BUNDLE_LOADER = "$(TEST_HOST)";
				INFOPLIST_FILE = FablerTests/Info.plist;
				LD_RUNPATH_SEARCH_PATHS = "$(inherited) @executable_path/Frameworks @loader_path/Frameworks";
				PRODUCT_BUNDLE_IDENTIFIER = Fabler.FablerTests;
				PRODUCT_NAME = "$(TARGET_NAME)";
				TEST_HOST = "$(BUILT_PRODUCTS_DIR)/Fabler.app/Fabler";
			};
			name = Debug;
		};
		45A8517E1BD5911300FC989D /* Release */ = {
			isa = XCBuildConfiguration;
			buildSettings = {
				BUNDLE_LOADER = "$(TEST_HOST)";
				INFOPLIST_FILE = FablerTests/Info.plist;
				LD_RUNPATH_SEARCH_PATHS = "$(inherited) @executable_path/Frameworks @loader_path/Frameworks";
				PRODUCT_BUNDLE_IDENTIFIER = Fabler.FablerTests;
				PRODUCT_NAME = "$(TARGET_NAME)";
				TEST_HOST = "$(BUILT_PRODUCTS_DIR)/Fabler.app/Fabler";
			};
			name = Release;
		};
/* End XCBuildConfiguration section */

/* Begin XCConfigurationList section */
		45A851541BD5911300FC989D /* Build configuration list for PBXProject "Fabler" */ = {
			isa = XCConfigurationList;
			buildConfigurations = (
				45A851771BD5911300FC989D /* Debug */,
				45A851781BD5911300FC989D /* Release */,
			);
			defaultConfigurationIsVisible = 0;
			defaultConfigurationName = Release;
		};
		45A851791BD5911300FC989D /* Build configuration list for PBXNativeTarget "Fabler" */ = {
			isa = XCConfigurationList;
			buildConfigurations = (
				45A8517A1BD5911300FC989D /* Debug */,
				45A8517B1BD5911300FC989D /* Release */,
			);
			defaultConfigurationIsVisible = 0;
		};
		45A8517C1BD5911300FC989D /* Build configuration list for PBXNativeTarget "FablerTests" */ = {
			isa = XCConfigurationList;
			buildConfigurations = (
				45A8517D1BD5911300FC989D /* Debug */,
				45A8517E1BD5911300FC989D /* Release */,
			);
			defaultConfigurationIsVisible = 0;
		};
/* End XCConfigurationList section */

/* Begin XCVersionGroup section */
		45A851631BD5911300FC989D /* Fabler.xcdatamodeld */ = {
			isa = XCVersionGroup;
			children = (
				45A851641BD5911300FC989D /* Fabler.xcdatamodel */,
			);
			currentVersion = 45A851641BD5911300FC989D /* Fabler.xcdatamodel */;
			path = Fabler.xcdatamodeld;
			sourceTree = "<group>";
			versionGroupType = wrapper.xcdatamodel;
		};
/* End XCVersionGroup section */
	};
	rootObject = 45A851511BD5911300FC989D /* Project object */;
}
